
Microsoft Visual Studio Solution File, Format Version 12.00
# Visual Studio Version 17
VisualStudioVersion = 17.3.32901.215
MinimumVisualStudioVersion = 10.0.40219.1
Project("{FAE04EC0-301F-11D3-BF4B-00C04F79EFBC}") = "MiniImage.Api", "MiniImage.Api\MiniImage.Api.csproj", "{D21D0A9F-2FC3-4495-B618-F4EA6C8AAA99}"
EndProject
Global
	GlobalSection(SolutionConfigurationPlatforms) = preSolution
		Debug|Any CPU = Debug|Any CPU
		Release|Any CPU = Release|Any CPU
	EndGlobalSection
	GlobalSection(ProjectConfigurationPlatforms) = postSolution
		{D21D0A9F-2FC3-4495-B618-F4EA6C8AAA99}.Debug|Any CPU.ActiveCfg = Debug|Any CPU
		{D21D0A9F-2FC3-4495-B618-F4EA6C8AAA99}.Debug|Any CPU.Build.0 = Debug|Any CPU
		{D21D0A9F-2FC3-4495-B618-F4EA6C8AAA99}.Release|Any CPU.ActiveCfg = Release|Any CPU
		{D21D0A9F-2FC3-4495-B618-F4EA6C8AAA99}.Release|Any CPU.Build.0 = Release|Any CPU
	EndGlobalSection
	GlobalSection(SolutionProperties) = preSolution
		HideSolutionNode = FALSE
	EndGlobalSection
	GlobalSection(ExtensibilityGlobals) = postSolution
		SolutionGuid = {27C2CCAC-6C77-4CF9-B4D5-62EB8E226979}
	EndGlobalSection
EndGlobal
